{
  "name": "abc-stumble",
  "version": "1.0.5",
  "lockfileVersion": 1,
  "requires": true,
  "dependencies": {
    "@abcnews/capi-fetch": {
      "version": "1.3.0",
      "resolved": "https://registry.npmjs.org/@abcnews/capi-fetch/-/capi-fetch-1.3.0.tgz",
      "integrity": "sha512-uJF74S/srSJ99aMLBzzHFOr8pbffOOoNXsuvMY2VPqNezTLdHL9m9f1frqG9vaO9jW2s2yVE2pClAZ3eVMkVSg=="
    },
    "fast-xml-parser": {
      "version": "3.15.0",
      "resolved": "https://registry.npmjs.org/fast-xml-parser/-/fast-xml-parser-3.15.0.tgz",
      "integrity": "sha512-CZyUVoZjCZDINdK4A/7EeSS89+DfH9Ce1BtKaRMCocdENomRx9cBFN77Z2+tEc2RmhIFjJRajYeNlepWl0U4tg=="
    },
    "lodash": {
      "version": "4.17.15",
      "resolved": "https://registry.npmjs.org/lodash/-/lodash-4.17.15.tgz",
      "integrity": "sha512-8xOcRHvCjnocdS5cpwXQXVzmmh5e5+saE2QGoeQmbKmRS6J3VQppPOIt0MnmE+4xlZoumy0GPG0D0MVIQbNA1A=="
    },
    "regenerator-runtime": {
      "version": "0.13.3",
      "resolved": "https://registry.npmjs.org/regenerator-runtime/-/regenerator-runtime-0.13.3.tgz",
      "integrity": "sha512-naKIZz2GQ8JWh///G7L3X6LaQUAMp2lvb1rvwwsURe/VXwD6VMfr+/1NuNw3ag8v2kY1aQ/go5SNn79O9JU7yw=="
    }
  }
}
